
Microsoft Visual Studio Solution File, Format Version 12.00
# Visual Studio Version 16
VisualStudioVersion = 16.0.32002.261
MinimumVisualStudioVersion = 10.0.40219.1
Project("{FAE04EC0-301F-11D3-BF4B-00C04F79EFBC}") = "OdeToFood", "OdeToFood\OdeToFood.csproj", "{9F85EF31-FA75-4309-AD64-DAE247E73F61}"
EndProject
Project("{FAE04EC0-301F-11D3-BF4B-00C04F79EFBC}") = "OdeToFood.Core", "OdeToFood.Core\OdeToFood.Core.csproj", "{6CE6F04B-3331-4CCC-BBAC-FA301EEFA641}"
EndProject
Project("{FAE04EC0-301F-11D3-BF4B-00C04F79EFBC}") = "OdeToFood.Data", "OdeToFood.Data\OdeToFood.Data.csproj", "{C279BC07-3BDE-4901-9F59-EBC529A2B107}"
EndProject
Global
	GlobalSection(SolutionConfigurationPlatforms) = preSolution
		Debug|Any CPU = Debug|Any CPU
		Release|Any CPU = Release|Any CPU
	EndGlobalSection
	GlobalSection(ProjectConfigurationPlatforms) = postSolution
		{9F85EF31-FA75-4309-AD64-DAE247E73F61}.Debug|Any CPU.ActiveCfg = Debug|Any CPU
		{9F85EF31-FA75-4309-AD64-DAE247E73F61}.Debug|Any CPU.Build.0 = Debug|Any CPU
		{9F85EF31-FA75-4309-AD64-DAE247E73F61}.Release|Any CPU.ActiveCfg = Release|Any CPU
		{9F85EF31-FA75-4309-AD64-DAE247E73F61}.Release|Any CPU.Build.0 = Release|Any CPU
		{6CE6F04B-3331-4CCC-BBAC-FA301EEFA641}.Debug|Any CPU.ActiveCfg = Debug|Any CPU
		{6CE6F04B-3331-4CCC-BBAC-FA301EEFA641}.Debug|Any CPU.Build.0 = Debug|Any CPU
		{6CE6F04B-3331-4CCC-BBAC-FA301EEFA641}.Release|Any CPU.ActiveCfg = Release|Any CPU
		{6CE6F04B-3331-4CCC-BBAC-FA301EEFA641}.Release|Any CPU.Build.0 = Release|Any CPU
		{C279BC07-3BDE-4901-9F59-EBC529A2B107}.Debug|Any CPU.ActiveCfg = Debug|Any CPU
		{C279BC07-3BDE-4901-9F59-EBC529A2B107}.Debug|Any CPU.Build.0 = Debug|Any CPU
		{C279BC07-3BDE-4901-9F59-EBC529A2B107}.Release|Any CPU.ActiveCfg = Release|Any CPU
		{C279BC07-3BDE-4901-9F59-EBC529A2B107}.Release|Any CPU.Build.0 = Release|Any CPU
	EndGlobalSection
	GlobalSection(SolutionProperties) = preSolution
		HideSolutionNode = FALSE
	EndGlobalSection
	GlobalSection(ExtensibilityGlobals) = postSolution
		SolutionGuid = {EB069333-2129-467F-A9A0-D02D300F08A1}
	EndGlobalSection
EndGlobal
